// !$*UTF8*$!
{
	archiveVersion = 1;
	classes = {
	};
	objectVersion = 77;
	objects = {

/* Begin PBXBuildFile section */
		BEA654F32F73681800706E42 /* SQLCipher in Frameworks */ = {isa = PBXBuildFile; productRef = BEA654F22F73681800706E42 /* SQLCipher */; };
		BED20BF12F76EA6900D5A0D3 /* WidgetKit.framework in Frameworks */ = {isa = PBXBuildFile; fileRef = BED20BF02F76EA6900D5A0D3 /* WidgetKit.framework */; };
		BED20BF32F76EA6900D5A0D3 /* SwiftUI.framework in Frameworks */ = {isa = PBXBuildFile; fileRef = BED20BF22F76EA6900D5A0D3 /* SwiftUI.framework */; };
		BED20C022F76EA6A00D5A0D3 /* AlarmLiveActivityExtension.appex in Embed Foundation Extensions */ = {isa = PBXBuildFile; fileRef = BED20BEE2F76EA6900D5A0D3 /* AlarmLiveActivityExtension.appex */; settings = {ATTRIBUTES = (RemoveHeadersOnCopy, ); }; };
/* End PBXBuildFile section */

/* Begin PBXContainerItemProxy section */
		BED20C002F76EA6A00D5A0D3 /* PBXContainerItemProxy */ = {
			isa = PBXContainerItemProxy;
			containerPortal = BE4FFB602F706576002051C8 /* Project object */;
			proxyType = 1;
			remoteGlobalIDString = BED20BED2F76EA6900D5A0D3;
			remoteInfo = AlarmLiveActivityExtension;
		};
/* End PBXContainerItemProxy section */

/* Begin PBXCopyFilesBuildPhase section */
		BED20C032F76EA6A00D5A0D3 /* Embed Foundation Extensions */ = {
			isa = PBXCopyFilesBuildPhase;
			buildActionMask = 2147483647;
			dstPath = "";
			dstSubfolderSpec = 13;
			files = (
				BED20C022F76EA6A00D5A0D3 /* AlarmLiveActivityExtension.appex in Embed Foundation Extensions */,
			);
			name = "Embed Foundation Extensions";
			runOnlyForDeploymentPostprocessing = 0;
		};
/* End PBXCopyFilesBuildPhase section */

/* Begin PBXFileReference section */
		BE4FFB682F706576002051C8 /* HelloMeds.app */ = {isa = PBXFileReference; explicitFileType = wrapper.application; includeInIndex = 0; path = HelloMeds.app; sourceTree = BUILT_PRODUCTS_DIR; };
		BED20BEE2F76EA6900D5A0D3 /* AlarmLiveActivityExtension.appex */ = {isa = PBXFileReference; explicitFileType = "wrapper.app-extension"; includeInIndex = 0; path = AlarmLiveActivityExtension.appex; sourceTree = BUILT_PRODUCTS_DIR; };
		BED20BF02F76EA6900D5A0D3 /* WidgetKit.framework */ = {isa = PBXFileReference; lastKnownFileType = wrapper.framework; name = WidgetKit.framework; path = System/Library/Frameworks/WidgetKit.framework; sourceTree = SDKROOT; };
		BED20BF22F76EA6900D5A0D3 /* SwiftUI.framework */ = {isa = PBXFileReference; lastKnownFileType = wrapper.framework; name = SwiftUI.framework; path = System/Library/Frameworks/SwiftUI.framework; sourceTree = SDKROOT; };
		CC0000013000000000000001 /* Version.generated.xcconfig */ = {isa = PBXFileReference; lastKnownFileType = text.xcconfig; path = Version.generated.xcconfig; sourceTree = "<group>"; };
/* End PBXFileReference section */

/* Begin PBXFileSystemSynchronizedBuildFileExceptionSet section */
		BE27E1B62F706D01004BB39E /* Exceptions for "HelloMeds" folder in "HelloMeds" target */ = {
			isa = PBXFileSystemSynchronizedBuildFileExceptionSet;
			membershipExceptions = (
				Info.plist,
			);
			target = BE4FFB672F706576002051C8 /* HelloMeds */;
		};
		BED20C072F76EA6A00D5A0D3 /* Exceptions for "AlarmLiveActivity" folder in "AlarmLiveActivityExtension" target */ = {
			isa = PBXFileSystemSynchronizedBuildFileExceptionSet;
			membershipExceptions = (
				Info.plist,
			);
			target = BED20BED2F76EA6900D5A0D3 /* AlarmLiveActivityExtension */;
		};
/* End PBXFileSystemSynchronizedBuildFileExceptionSet section */

/* Begin PBXFileSystemSynchronizedRootGroup section */
		BE4FFB6A2F706576002051C8 /* HelloMeds */ = {
			isa = PBXFileSystemSynchronizedRootGroup;
			exceptions = (
				BE27E1B62F706D01004BB39E /* Exceptions for "HelloMeds" folder in "HelloMeds" target */,
			);
			path = HelloMeds;
			sourceTree = "<group>";
		};
		BED20BF42F76EA6900D5A0D3 /* AlarmLiveActivity */ = {
			isa = PBXFileSystemSynchronizedRootGroup;
			exceptions = (
				BED20C072F76EA6A00D5A0D3 /* Exceptions for "AlarmLiveActivity" folder in "AlarmLiveActivityExtension" target */,
			);
			path = AlarmLiveActivity;
			sourceTree = "<group>";
		};
		BED20C0E2F76EE2300D5A0D3 /* Shared */ = {
			isa = PBXFileSystemSynchronizedRootGroup;
			path = Shared;
			sourceTree = "<group>";
		};
/* End PBXFileSystemSynchronizedRootGroup section */

/* Begin PBXFrameworksBuildPhase section */
		BE4FFB652F706576002051C8 /* Frameworks */ = {
			isa = PBXFrameworksBuildPhase;
			buildActionMask = 2147483647;
			files = (
				BEA654F32F73681800706E42 /* SQLCipher in Frameworks */,
			);
			runOnlyForDeploymentPostprocessing = 0;
		};
		BED20BEB2F76EA6900D5A0D3 /* Frameworks */ = {
			isa = PBXFrameworksBuildPhase;
			buildActionMask = 2147483647;
			files = (
				BED20BF32F76EA6900D5A0D3 /* SwiftUI.framework in Frameworks */,
				BED20BF12F76EA6900D5A0D3 /* WidgetKit.framework in Frameworks */,
			);
			runOnlyForDeploymentPostprocessing = 0;
		};
/* End PBXFrameworksBuildPhase section */

/* Begin PBXGroup section */
		BE4FFB5F2F706576002051C8 = {
			isa = PBXGroup;
			children = (
				BED20C0E2F76EE2300D5A0D3 /* Shared */,
				CC0000013000000000000001 /* Version.generated.xcconfig */,
				BE4FFB6A2F706576002051C8 /* HelloMeds */,
				BED20BF42F76EA6900D5A0D3 /* AlarmLiveActivity */,
				BED20BEF2F76EA6900D5A0D3 /* Frameworks */,
				BE4FFB692F706576002051C8 /* Products */,
			);
			sourceTree = "<group>";
		};
		BE4FFB692F706576002051C8 /* Products */ = {
			isa = PBXGroup;
			children = (
				BE4FFB682F706576002051C8 /* HelloMeds.app */,
				BED20BEE2F76EA6900D5A0D3 /* AlarmLiveActivityExtension.appex */,
			);
			name = Products;
			sourceTree = "<group>";
		};
		BED20BEF2F76EA6900D5A0D3 /* Frameworks */ = {
			isa = PBXGroup;
			children = (
				BED20BF02F76EA6900D5A0D3 /* WidgetKit.framework */,
				BED20BF22F76EA6900D5A0D3 /* SwiftUI.framework */,
			);
			name = Frameworks;
			sourceTree = "<group>";
		};
/* End PBXGroup section */

/* Begin PBXNativeTarget section */
		BE4FFB672F706576002051C8 /* HelloMeds */ = {
			isa = PBXNativeTarget;
			buildConfigurationList = BE4FFB732F706578002051C8 /* Build configuration list for PBXNativeTarget "HelloMeds" */;
			buildPhases = (
				BE4FFB7C2F7065E0002051C8 /* ShellScript */,
				BE4FFB642F706576002051C8 /* Sources */,
				BE4FFB652F706576002051C8 /* Frameworks */,
				BE4FFB662F706576002051C8 /* Resources */,
				BED20C032F76EA6A00D5A0D3 /* Embed Foundation Extensions */,
			);
			buildRules = (
			);
			dependencies = (
				BED20C012F76EA6A00D5A0D3 /* PBXTargetDependency */,
			);
			fileSystemSynchronizedGroups = (
				BE4FFB6A2F706576002051C8 /* HelloMeds */,
				BED20C0E2F76EE2300D5A0D3 /* Shared */,
			);
			name = HelloMeds;
			packageProductDependencies = (
				BEA654F22F73681800706E42 /* SQLCipher */,
			);
			productName = HelloMeds;
			productReference = BE4FFB682F706576002051C8 /* HelloMeds.app */;
			productType = "com.apple.product-type.application";
		};
		BED20BED2F76EA6900D5A0D3 /* AlarmLiveActivityExtension */ = {
			isa = PBXNativeTarget;
			buildConfigurationList = BED20C062F76EA6A00D5A0D3 /* Build configuration list for PBXNativeTarget "AlarmLiveActivityExtension" */;
			buildPhases = (
				BED20BEA2F76EA6900D5A0D3 /* Sources */,
				BED20BEB2F76EA6900D5A0D3 /* Frameworks */,
				BED20BEC2F76EA6900D5A0D3 /* Resources */,
			);
			buildRules = (
			);
			dependencies = (
			);
			fileSystemSynchronizedGroups = (
				BED20BF42F76EA6900D5A0D3 /* AlarmLiveActivity */,
				BED20C0E2F76EE2300D5A0D3 /* Shared */,
			);
			name = AlarmLiveActivityExtension;
			packageProductDependencies = (
			);
			productName = AlarmLiveActivityExtension;
			productReference = BED20BEE2F76EA6900D5A0D3 /* AlarmLiveActivityExtension.appex */;
			productType = "com.apple.product-type.app-extension";
		};
/* End PBXNativeTarget section */

/* Begin PBXProject section */
		BE4FFB602F706576002051C8 /* Project object */ = {
			isa = PBXProject;
			attributes = {
				BuildIndependentTargetsInParallel = 1;
				LastSwiftUpdateCheck = 2630;
				LastUpgradeCheck = 2630;
				TargetAttributes = {
					BE4FFB672F706576002051C8 = {
						CreatedOnToolsVersion = 26.3;
					};
					BED20BED2F76EA6900D5A0D3 = {
						CreatedOnToolsVersion = 26.3;
					};
				};
			};
			buildConfigurationList = BE4FFB632F706576002051C8 /* Build configuration list for PBXProject "HelloMeds" */;
			developmentRegion = en;
			hasScannedForEncodings = 0;
			knownRegions = (
				en,
				Base,
				de,
			);
			mainGroup = BE4FFB5F2F706576002051C8;
			minimizedProjectReferenceProxies = 1;
			packageReferences = (
				BEA654F12F73681800706E42 /* XCRemoteSwiftPackageReference "swift-sqlcipher" */,
			);
			preferredProjectObjectVersion = 77;
			productRefGroup = BE4FFB692F706576002051C8 /* Products */;
			projectDirPath = "";
			projectRoot = "";
			targets = (
				BE4FFB672F706576002051C8 /* HelloMeds */,
				BED20BED2F76EA6900D5A0D3 /* AlarmLiveActivityExtension */,
			);
		};
/* End PBXProject section */

/* Begin PBXResourcesBuildPhase section */
		BE4FFB662F706576002051C8 /* Resources */ = {
			isa = PBXResourcesBuildPhase;
			buildActionMask = 2147483647;
			files = (
			);
			runOnlyForDeploymentPostprocessing = 0;
		};
		BED20BEC2F76EA6900D5A0D3 /* Resources */ = {
			isa = PBXResourcesBuildPhase;
			buildActionMask = 2147483647;
			files = (
			);
			runOnlyForDeploymentPostprocessing = 0;
		};
/* End PBXResourcesBuildPhase section */

/* Begin PBXShellScriptBuildPhase section */
		BE4FFB7C2F7065E0002051C8 /* ShellScript */ = {
			isa = PBXShellScriptBuildPhase;
			alwaysOutOfDate = 1;
			buildActionMask = 2147483647;
			files = (
			);
			inputFileListPaths = (
			);
			inputPaths = (
			);
			outputFileListPaths = (
			);
			outputPaths = (
			);
			runOnlyForDeploymentPostprocessing = 0;
			shellPath = /bin/sh;
			shellScript = "export JAVA_HOME=\"/Applications/Android Studio.app/Contents/jbr/Contents/Home\"\ncd \"$SRCROOT/..\"\n./gradlew :shared:embedAndSignAppleFrameworkForXcode\n";
		};
/* End PBXShellScriptBuildPhase section */

/* Begin PBXSourcesBuildPhase section */
		BE4FFB642F706576002051C8 /* Sources */ = {
			isa = PBXSourcesBuildPhase;
			buildActionMask = 2147483647;
			files = (
			);
			runOnlyForDeploymentPostprocessing = 0;
		};
		BED20BEA2F76EA6900D5A0D3 /* Sources */ = {
			isa = PBXSourcesBuildPhase;
			buildActionMask = 2147483647;
			files = (
			);
			runOnlyForDeploymentPostprocessing = 0;
		};
/* End PBXSourcesBuildPhase section */

/* Begin PBXTargetDependency section */
		BED20C012F76EA6A00D5A0D3 /* PBXTargetDependency */ = {
			isa = PBXTargetDependency;
			target = BED20BED2F76EA6900D5A0D3 /* AlarmLiveActivityExtension */;
			targetProxy = BED20C002F76EA6A00D5A0D3 /* PBXContainerItemProxy */;
		};
/* End PBXTargetDependency section */

/* Begin XCBuildConfiguration section */
		BE4FFB712F706578002051C8 /* Debug */ = {
			isa = XCBuildConfiguration;
			buildSettings = {
				ALWAYS_SEARCH_USER_PATHS = NO;
				ASSETCATALOG_COMPILER_GENERATE_SWIFT_ASSET_SYMBOL_EXTENSIONS = YES;
				CLANG_ANALYZER_NONNULL = YES;
				CLANG_ANALYZER_NUMBER_OBJECT_CONVERSION = YES_AGGRESSIVE;
				CLANG_CXX_LANGUAGE_STANDARD = "gnu++20";
				CLANG_ENABLE_MODULES = YES;
				CLANG_ENABLE_OBJC_ARC = YES;
				CLANG_ENABLE_OBJC_WEAK = YES;
				CLANG_WARN_BLOCK_CAPTURE_AUTORELEASING = YES;
				CLANG_WARN_BOOL_CONVERSION = YES;
				CLANG_WARN_COMMA = YES;
				CLANG_WARN_CONSTANT_CONVERSION = YES;
				CLANG_WARN_DEPRECATED_OBJC_IMPLEMENTATIONS = YES;
				CLANG_WARN_DIRECT_OBJC_ISA_USAGE = YES_ERROR;
				CLANG_WARN_DOCUMENTATION_COMMENTS = YES;
				CLANG_WARN_EMPTY_BODY = YES;
				CLANG_WARN_ENUM_CONVERSION = YES;
				CLANG_WARN_INFINITE_RECURSION = YES;
				CLANG_WARN_INT_CONVERSION = YES;
				CLANG_WARN_NON_LITERAL_NULL_CONVERSION = YES;
				CLANG_WARN_OBJC_IMPLICIT_RETAIN_SELF = YES;
				CLANG_WARN_OBJC_LITERAL_CONVERSION = YES;
				CLANG_WARN_OBJC_ROOT_CLASS = YES_ERROR;
				CLANG_WARN_QUOTED_INCLUDE_IN_FRAMEWORK_HEADER = YES;
				CLANG_WARN_RANGE_LOOP_ANALYSIS = YES;
				CLANG_WARN_STRICT_PROTOTYPES = YES;
				CLANG_WARN_SUSPICIOUS_MOVE = YES;
				CLANG_WARN_UNGUARDED_AVAILABILITY = YES_AGGRESSIVE;
				CLANG_WARN_UNREACHABLE_CODE = YES;
				CLANG_WARN__DUPLICATE_METHOD_MATCH = YES;
				COPY_PHASE_STRIP = NO;
				DEBUG_INFORMATION_FORMAT = dwarf;
				ENABLE_STRICT_OBJC_MSGSEND = YES;
				ENABLE_TESTABILITY = YES;
				ENABLE_USER_SCRIPT_SANDBOXING = YES;
				GCC_C_LANGUAGE_STANDARD = gnu17;
				GCC_DYNAMIC_NO_PIC = NO;
				GCC_NO_COMMON_BLOCKS = YES;
				GCC_OPTIMIZATION_LEVEL = 0;
				GCC_PREPROCESSOR_DEFINITIONS = (
					"DEBUG=1",
					"$(inherited)",
				);
				GCC_WARN_64_TO_32_BIT_CONVERSION = YES;
				GCC_WARN_ABOUT_RETURN_TYPE = YES_ERROR;
				GCC_WARN_UNDECLARED_SELECTOR = YES;
				GCC_WARN_UNINITIALIZED_AUTOS = YES_AGGRESSIVE;
				GCC_WARN_UNUSED_FUNCTION = YES;
				GCC_WARN_UNUSED_VARIABLE = YES;
				IPHONEOS_DEPLOYMENT_TARGET = 17.0;
				LOCALIZATION_PREFERS_STRING_CATALOGS = YES;
				MTL_ENABLE_DEBUG_INFO = INCLUDE_SOURCE;
				MTL_FAST_MATH = YES;
				ONLY_ACTIVE_ARCH = YES;
				SDKROOT = iphoneos;
				SWIFT_ACTIVE_COMPILATION_CONDITIONS = "DEBUG $(inherited)";
				SWIFT_OPTIMIZATION_LEVEL = "-Onone";
			};
			name = Debug;
		};
		BE4FFB722F706578002051C8 /* Release */ = {
			isa = XCBuildConfiguration;
			buildSettings = {
				ALWAYS_SEARCH_USER_PATHS = NO;
				ASSETCATALOG_COMPILER_GENERATE_SWIFT_ASSET_SYMBOL_EXTENSIONS = YES;
				CLANG_ANALYZER_NONNULL = YES;
				CLANG_ANALYZER_NUMBER_OBJECT_CONVERSION = YES_AGGRESSIVE;
				CLANG_CXX_LANGUAGE_STANDARD = "gnu++20";
				CLANG_ENABLE_MODULES = YES;
				CLANG_ENABLE_OBJC_ARC = YES;
				CLANG_ENABLE_OBJC_WEAK = YES;
				CLANG_WARN_BLOCK_CAPTURE_AUTORELEASING = YES;
				CLANG_WARN_BOOL_CONVERSION = YES;
				CLANG_WARN_COMMA = YES;
				CLANG_WARN_CONSTANT_CONVERSION = YES;
				CLANG_WARN_DEPRECATED_OBJC_IMPLEMENTATIONS = YES;
				CLANG_WARN_DIRECT_OBJC_ISA_USAGE = YES_ERROR;
				CLANG_WARN_DOCUMENTATION_COMMENTS = YES;
				CLANG_WARN_EMPTY_BODY = YES;
				CLANG_WARN_ENUM_CONVERSION = YES;
				CLANG_WARN_INFINITE_RECURSION = YES;
				CLANG_WARN_INT_CONVERSION = YES;
				CLANG_WARN_NON_LITERAL_NULL_CONVERSION = YES;
				CLANG_WARN_OBJC_IMPLICIT_RETAIN_SELF = YES;
				CLANG_WARN_OBJC_LITERAL_CONVERSION = YES;
				CLANG_WARN_OBJC_ROOT_CLASS = YES_ERROR;
				CLANG_WARN_QUOTED_INCLUDE_IN_FRAMEWORK_HEADER = YES;
				CLANG_WARN_RANGE_LOOP_ANALYSIS = YES;
				CLANG_WARN_STRICT_PROTOTYPES = YES;
				CLANG_WARN_SUSPICIOUS_MOVE = YES;
				CLANG_WARN_UNGUARDED_AVAILABILITY = YES_AGGRESSIVE;
				CLANG_WARN_UNREACHABLE_CODE = YES;
				CLANG_WARN__DUPLICATE_METHOD_MATCH = YES;
				COPY_PHASE_STRIP = NO;
				DEBUG_INFORMATION_FORMAT = "dwarf-with-dsym";
				ENABLE_NS_ASSERTIONS = NO;
				ENABLE_STRICT_OBJC_MSGSEND = YES;
				ENABLE_USER_SCRIPT_SANDBOXING = YES;
				GCC_C_LANGUAGE_STANDARD = gnu17;
				GCC_NO_COMMON_BLOCKS = YES;
				GCC_WARN_64_TO_32_BIT_CONVERSION = YES;
				GCC_WARN_ABOUT_RETURN_TYPE = YES_ERROR;
				GCC_WARN_UNDECLARED_SELECTOR = YES;
				GCC_WARN_UNINITIALIZED_AUTOS = YES_AGGRESSIVE;
				GCC_WARN_UNUSED_FUNCTION = YES;
				GCC_WARN_UNUSED_VARIABLE = YES;
				IPHONEOS_DEPLOYMENT_TARGET = 17.0;
				LOCALIZATION_PREFERS_STRING_CATALOGS = YES;
				MTL_ENABLE_DEBUG_INFO = NO;
				MTL_FAST_MATH = YES;
				SDKROOT = iphoneos;
				SWIFT_COMPILATION_MODE = wholemodule;
				VALIDATE_PRODUCT = YES;
			};
			name = Release;
		};
		BE4FFB742F706578002051C8 /* Debug */ = {
			isa = XCBuildConfiguration;
			baseConfigurationReference = CC0000013000000000000001 /* Version.generated.xcconfig */;
			buildSettings = {
				ASSETCATALOG_COMPILER_APPICON_NAME = HelloMedsAppIcon;
				ASSETCATALOG_COMPILER_GLOBAL_ACCENT_COLOR_NAME = AccentColor;
				ASSETCATALOG_COMPILER_INCLUDE_ALL_APPICON_ASSETS = YES;
				CODE_SIGN_ENTITLEMENTS = HelloMeds/HelloMeds.entitlements;
				CODE_SIGN_STYLE = Automatic;
				DEVELOPMENT_TEAM = M7SPK894Z9;
				ENABLE_PREVIEWS = YES;
				ENABLE_USER_SCRIPT_SANDBOXING = NO;
				FRAMEWORK_SEARCH_PATHS = "$(SRCROOT)/../shared/build/xcode-frameworks/$(CONFIGURATION)/$(SDK_NAME)";
				GENERATE_INFOPLIST_FILE = YES;
				INFOPLIST_FILE = HelloMeds/Info.plist;
				INFOPLIST_KEY_CFBundleDisplayName = HelloMeds;
				INFOPLIST_KEY_LSApplicationCategoryType = "public.app-category.medical";
				INFOPLIST_KEY_NSCameraUsageDescription = "HelloMeds uses the camera to scan medication labels and automatically detect medication names, types, and dosage information.";
				INFOPLIST_KEY_UIApplicationSupportsIndirectInputEvents = YES;
				INFOPLIST_KEY_UISupportedInterfaceOrientations_iPad = "UIInterfaceOrientationPortrait UIInterfaceOrientationPortraitUpsideDown UIInterfaceOrientationLandscapeLeft UIInterfaceOrientationLandscapeRight";
				INFOPLIST_KEY_UISupportedInterfaceOrientations_iPhone = "UIInterfaceOrientationPortrait UIInterfaceOrientationLandscapeLeft UIInterfaceOrientationLandscapeRight";
				IPHONEOS_DEPLOYMENT_TARGET = 17.6;
				LD_RUNPATH_SEARCH_PATHS = (
					"$(inherited)",
					"@executable_path/Frameworks",
				);
				PRODUCT_BUNDLE_IDENTIFIER = me.juliana.HelloMeds;
				PRODUCT_NAME = "$(TARGET_NAME)";
				STRING_CATALOG_GENERATE_SYMBOLS = YES;
				SWIFT_APPROACHABLE_CONCURRENCY = YES;
				SWIFT_DEFAULT_ACTOR_ISOLATION = MainActor;
				SWIFT_EMIT_LOC_STRINGS = YES;
				SWIFT_UPCOMING_FEATURE_MEMBER_IMPORT_VISIBILITY = YES;
				SWIFT_VERSION = 5.0;
				TARGETED_DEVICE_FAMILY = "1,2";
			};
			name = Debug;
		};
		BE4FFB752F706578002051C8 /* Release */ = {
			isa = XCBuildConfiguration;
			baseConfigurationReference = CC0000013000000000000001 /* Version.generated.xcconfig */;
			buildSettings = {
				ASSETCATALOG_COMPILER_APPICON_NAME = HelloMedsAppIcon;
				ASSETCATALOG_COMPILER_GLOBAL_ACCENT_COLOR_NAME = AccentColor;
				ASSETCATALOG_COMPILER_INCLUDE_ALL_APPICON_ASSETS = YES;
				CODE_SIGN_ENTITLEMENTS = HelloMeds/HelloMeds.entitlements;
				CODE_SIGN_STYLE = Automatic;
				DEVELOPMENT_TEAM = M7SPK894Z9;
				ENABLE_PREVIEWS = YES;
				ENABLE_USER_SCRIPT_SANDBOXING = NO;
				FRAMEWORK_SEARCH_PATHS = "$(SRCROOT)/../shared/build/xcode-frameworks/$(CONFIGURATION)/$(SDK_NAME)";
				GENERATE_INFOPLIST_FILE = YES;
				INFOPLIST_FILE = HelloMeds/Info.plist;
				INFOPLIST_KEY_CFBundleDisplayName = HelloMeds;
				INFOPLIST_KEY_LSApplicationCategoryType = "public.app-category.medical";
				INFOPLIST_KEY_NSCameraUsageDescription = "HelloMeds uses the camera to scan medication labels and automatically detect medication names, types, and dosage information.";
				INFOPLIST_KEY_UIApplicationSupportsIndirectInputEvents = YES;
				INFOPLIST_KEY_UISupportedInterfaceOrientations_iPad = "UIInterfaceOrientationPortrait UIInterfaceOrientationPortraitUpsideDown UIInterfaceOrientationLandscapeLeft UIInterfaceOrientationLandscapeRight";
				INFOPLIST_KEY_UISupportedInterfaceOrientations_iPhone = "UIInterfaceOrientationPortrait UIInterfaceOrientationLandscapeLeft UIInterfaceOrientationLandscapeRight";
				IPHONEOS_DEPLOYMENT_TARGET = 17.6;
				LD_RUNPATH_SEARCH_PATHS = (
					"$(inherited)",
					"@executable_path/Frameworks",
				);
				PRODUCT_BUNDLE_IDENTIFIER = me.juliana.HelloMeds;
				PRODUCT_NAME = "$(TARGET_NAME)";
				STRING_CATALOG_GENERATE_SYMBOLS = YES;
				SWIFT_APPROACHABLE_CONCURRENCY = YES;
				SWIFT_DEFAULT_ACTOR_ISOLATION = MainActor;
				SWIFT_EMIT_LOC_STRINGS = YES;
				SWIFT_UPCOMING_FEATURE_MEMBER_IMPORT_VISIBILITY = YES;
				SWIFT_VERSION = 5.0;
				TARGETED_DEVICE_FAMILY = "1,2";
			};
			name = Release;
		};
		BED20C042F76EA6A00D5A0D3 /* Debug */ = {
			isa = XCBuildConfiguration;
			baseConfigurationReference = CC0000013000000000000001 /* Version.generated.xcconfig */;
			buildSettings = {
				ASSETCATALOG_COMPILER_GLOBAL_ACCENT_COLOR_NAME = AccentColor;
				ASSETCATALOG_COMPILER_WIDGET_BACKGROUND_COLOR_NAME = WidgetBackground;
				CODE_SIGN_STYLE = Automatic;
				DEVELOPMENT_TEAM = M7SPK894Z9;
				GENERATE_INFOPLIST_FILE = YES;
				INFOPLIST_FILE = AlarmLiveActivity/Info.plist;
				INFOPLIST_KEY_CFBundleDisplayName = AlarmLiveActivity;
				INFOPLIST_KEY_NSHumanReadableCopyright = "";
				IPHONEOS_DEPLOYMENT_TARGET = 26.2;
				LD_RUNPATH_SEARCH_PATHS = (
					"$(inherited)",
					"@executable_path/Frameworks",
					"@executable_path/../../Frameworks",
				);
				PRODUCT_BUNDLE_IDENTIFIER = me.juliana.HelloMeds.AlarmLiveActivity;
				PRODUCT_NAME = "$(TARGET_NAME)";
				SKIP_INSTALL = YES;
				STRING_CATALOG_GENERATE_SYMBOLS = YES;
				SWIFT_APPROACHABLE_CONCURRENCY = YES;
				SWIFT_EMIT_LOC_STRINGS = YES;
				SWIFT_UPCOMING_FEATURE_MEMBER_IMPORT_VISIBILITY = YES;
				SWIFT_VERSION = 5.0;
				TARGETED_DEVICE_FAMILY = "1,2";
			};
			name = Debug;
		};
		BED20C052F76EA6A00D5A0D3 /* Release */ = {
			isa = XCBuildConfiguration;
			baseConfigurationReference = CC0000013000000000000001 /* Version.generated.xcconfig */;
			buildSettings = {
				ASSETCATALOG_COMPILER_GLOBAL_ACCENT_COLOR_NAME = AccentColor;
				ASSETCATALOG_COMPILER_WIDGET_BACKGROUND_COLOR_NAME = WidgetBackground;
				CODE_SIGN_STYLE = Automatic;
				DEVELOPMENT_TEAM = M7SPK894Z9;
				GENERATE_INFOPLIST_FILE = YES;
				INFOPLIST_FILE = AlarmLiveActivity/Info.plist;
				INFOPLIST_KEY_CFBundleDisplayName = AlarmLiveActivity;
				INFOPLIST_KEY_NSHumanReadableCopyright = "";
				IPHONEOS_DEPLOYMENT_TARGET = 26.2;
				LD_RUNPATH_SEARCH_PATHS = (
					"$(inherited)",
					"@executable_path/Frameworks",
					"@executable_path/../../Frameworks",
				);
				PRODUCT_BUNDLE_IDENTIFIER = me.juliana.HelloMeds.AlarmLiveActivity;
				PRODUCT_NAME = "$(TARGET_NAME)";
				SKIP_INSTALL = YES;
				STRING_CATALOG_GENERATE_SYMBOLS = YES;
				SWIFT_APPROACHABLE_CONCURRENCY = YES;
				SWIFT_EMIT_LOC_STRINGS = YES;
				SWIFT_UPCOMING_FEATURE_MEMBER_IMPORT_VISIBILITY = YES;
				SWIFT_VERSION = 5.0;
				TARGETED_DEVICE_FAMILY = "1,2";
			};
			name = Release;
		};
/* End XCBuildConfiguration section */

/* Begin XCConfigurationList section */
		BE4FFB632F706576002051C8 /* Build configuration list for PBXProject "HelloMeds" */ = {
			isa = XCConfigurationList;
			buildConfigurations = (
				BE4FFB712F706578002051C8 /* Debug */,
				BE4FFB722F706578002051C8 /* Release */,
			);
			defaultConfigurationIsVisible = 0;
			defaultConfigurationName = Release;
		};
		BE4FFB732F706578002051C8 /* Build configuration list for PBXNativeTarget "HelloMeds" */ = {
			isa = XCConfigurationList;
			buildConfigurations = (
				BE4FFB742F706578002051C8 /* Debug */,
				BE4FFB752F706578002051C8 /* Release */,
			);
			defaultConfigurationIsVisible = 0;
			defaultConfigurationName = Release;
		};
		BED20C062F76EA6A00D5A0D3 /* Build configuration list for PBXNativeTarget "AlarmLiveActivityExtension" */ = {
			isa = XCConfigurationList;
			buildConfigurations = (
				BED20C042F76EA6A00D5A0D3 /* Debug */,
				BED20C052F76EA6A00D5A0D3 /* Release */,
			);
			defaultConfigurationIsVisible = 0;
			defaultConfigurationName = Release;
		};
/* End XCConfigurationList section */

/* Begin XCRemoteSwiftPackageReference section */
		BEA654F12F73681800706E42 /* XCRemoteSwiftPackageReference "swift-sqlcipher" */ = {
			isa = XCRemoteSwiftPackageReference;
			repositoryURL = "https://github.com/skiptools/swift-sqlcipher";
			requirement = {
				kind = upToNextMajorVersion;
				minimumVersion = 1.8.0;
			};
		};
/* End XCRemoteSwiftPackageReference section */

/* Begin XCSwiftPackageProductDependency section */
		BEA654F22F73681800706E42 /* SQLCipher */ = {
			isa = XCSwiftPackageProductDependency;
			package = BEA654F12F73681800706E42 /* XCRemoteSwiftPackageReference "swift-sqlcipher" */;
			productName = SQLCipher;
		};
/* End XCSwiftPackageProductDependency section */
	};
	rootObject = BE4FFB602F706576002051C8 /* Project object */;
}
